
Microsoft Visual Studio Solution File, Format Version 12.00
# Visual Studio Version 17
VisualStudioVersion = 17.10.34916.146
MinimumVisualStudioVersion = 10.0.40219.1
Project("{9A19103F-16F7-4668-BE54-9A1E7A4F7556}") = "AcademITSServer2024", "AcademITSServer2024\AcademITSServer2024.csproj", "{C0ADEB9E-8210-45EB-9D63-B760C0F2B7FF}"
EndProject
Project("{9A19103F-16F7-4668-BE54-9A1E7A4F7556}") = "ConfigTask", "ConfigTask\ConfigTask.csproj", "{BB1FE6FB-66D7-4806-B575-71AE89DFDDA3}"
EndProject
Project("{FAE04EC0-301F-11D3-BF4B-00C04F79EFBC}") = "DllForSigning", "DllForSigning\DllForSigning.csproj", "{45891FB5-C7DD-47AD-AFCC-6D3B908743CA}"
EndProject
Project("{FAE04EC0-301F-11D3-BF4B-00C04F79EFBC}") = "ConsoleAppForSigning", "ConsoleAppForSigning\ConsoleAppForSigning.csproj", "{AA59704D-0DB3-45FA-8587-A8568685558E}"
EndProject
Project("{9A19103F-16F7-4668-BE54-9A1E7A4F7556}") = "BuildEvents", "BuildEvents\BuildEvents.csproj", "{4644D713-61E8-429B-AA42-A6EEEBF08572}"
EndProject
Project("{9A19103F-16F7-4668-BE54-9A1E7A4F7556}") = "ConditionalCompilationTask", "ConditionalCompilationTask\ConditionalCompilationTask.csproj", "{B945ABB7-08B3-4048-B11B-2A207589809A}"
EndProject
Project("{9A19103F-16F7-4668-BE54-9A1E7A4F7556}") = "ExcelTask", "ExcelTask\ExcelTask.csproj", "{25429D2E-6A6F-4788-8325-60602CD71564}"
EndProject
Project("{9A19103F-16F7-4668-BE54-9A1E7A4F7556}") = "JsonTask", "JsonTask\JsonTask.csproj", "{B0A838BE-8D3D-483D-A671-3B7E6A3B1847}"
EndProject
Project("{9A19103F-16F7-4668-BE54-9A1E7A4F7556}") = "LoggingTask", "LoggingTask\LoggingTask.csproj", "{18F1B3FF-5A1C-4766-B250-2C6F751164A9}"
EndProject
Project("{9A19103F-16F7-4668-BE54-9A1E7A4F7556}") = "FindPreviousSqrt", "UnitTestTask\FindPreviousSqrt.csproj", "{550C8B5C-FE4B-4061-A982-93507017C995}"
EndProject
Project("{9A19103F-16F7-4668-BE54-9A1E7A4F7556}") = "TestTask", "TestTask\TestTask.csproj", "{A2AE6F18-1876-4389-8445-843A574573AC}"
EndProject
Project("{9A19103F-16F7-4668-BE54-9A1E7A4F7556}") = "VectorTask", "..\AcademITSOOP_feb_24\VectorTask\VectorTask.csproj", "{C2469E2A-8E63-4A91-B6DF-32ADE296E33D}"
EndProject
Project("{9A19103F-16F7-4668-BE54-9A1E7A4F7556}") = "AdoNetTask", "AdoNetTask\AdoNetTask.csproj", "{10200494-EE19-4056-810E-0EA4D1350347}"
EndProject
Project("{FAE04EC0-301F-11D3-BF4B-00C04F79EFBC}") = "AdoNetTransactionTask", "AdoNetTransactionTask\AdoNetTransactionTask.csproj", "{CB6D09D8-0FA5-4C2C-8589-DD7106E5E3F6}"
EndProject
Global
	GlobalSection(SolutionConfigurationPlatforms) = preSolution
		Debug|Any CPU = Debug|Any CPU
		Release|Any CPU = Release|Any CPU
	EndGlobalSection
	GlobalSection(ProjectConfigurationPlatforms) = postSolution
		{C0ADEB9E-8210-45EB-9D63-B760C0F2B7FF}.Debug|Any CPU.ActiveCfg = Debug|Any CPU
		{C0ADEB9E-8210-45EB-9D63-B760C0F2B7FF}.Debug|Any CPU.Build.0 = Debug|Any CPU
		{C0ADEB9E-8210-45EB-9D63-B760C0F2B7FF}.Release|Any CPU.ActiveCfg = Release|Any CPU
		{C0ADEB9E-8210-45EB-9D63-B760C0F2B7FF}.Release|Any CPU.Build.0 = Release|Any CPU
		{BB1FE6FB-66D7-4806-B575-71AE89DFDDA3}.Debug|Any CPU.ActiveCfg = Debug|Any CPU
		{BB1FE6FB-66D7-4806-B575-71AE89DFDDA3}.Debug|Any CPU.Build.0 = Debug|Any CPU
		{BB1FE6FB-66D7-4806-B575-71AE89DFDDA3}.Release|Any CPU.ActiveCfg = Release|Any CPU
		{BB1FE6FB-66D7-4806-B575-71AE89DFDDA3}.Release|Any CPU.Build.0 = Release|Any CPU
		{45891FB5-C7DD-47AD-AFCC-6D3B908743CA}.Debug|Any CPU.ActiveCfg = Debug|Any CPU
		{45891FB5-C7DD-47AD-AFCC-6D3B908743CA}.Debug|Any CPU.Build.0 = Debug|Any CPU
		{45891FB5-C7DD-47AD-AFCC-6D3B908743CA}.Release|Any CPU.ActiveCfg = Release|Any CPU
		{45891FB5-C7DD-47AD-AFCC-6D3B908743CA}.Release|Any CPU.Build.0 = Release|Any CPU
		{AA59704D-0DB3-45FA-8587-A8568685558E}.Debug|Any CPU.ActiveCfg = Debug|Any CPU
		{AA59704D-0DB3-45FA-8587-A8568685558E}.Debug|Any CPU.Build.0 = Debug|Any CPU
		{AA59704D-0DB3-45FA-8587-A8568685558E}.Release|Any CPU.ActiveCfg = Release|Any CPU
		{AA59704D-0DB3-45FA-8587-A8568685558E}.Release|Any CPU.Build.0 = Release|Any CPU
		{4644D713-61E8-429B-AA42-A6EEEBF08572}.Debug|Any CPU.ActiveCfg = Debug|Any CPU
		{4644D713-61E8-429B-AA42-A6EEEBF08572}.Debug|Any CPU.Build.0 = Debug|Any CPU
		{4644D713-61E8-429B-AA42-A6EEEBF08572}.Release|Any CPU.ActiveCfg = Release|Any CPU
		{4644D713-61E8-429B-AA42-A6EEEBF08572}.Release|Any CPU.Build.0 = Release|Any CPU
		{B945ABB7-08B3-4048-B11B-2A207589809A}.Debug|Any CPU.ActiveCfg = Debug|Any CPU
		{B945ABB7-08B3-4048-B11B-2A207589809A}.Debug|Any CPU.Build.0 = Debug|Any CPU
		{B945ABB7-08B3-4048-B11B-2A207589809A}.Release|Any CPU.ActiveCfg = Release|Any CPU
		{B945ABB7-08B3-4048-B11B-2A207589809A}.Release|Any CPU.Build.0 = Release|Any CPU
		{25429D2E-6A6F-4788-8325-60602CD71564}.Debug|Any CPU.ActiveCfg = Debug|Any CPU
		{25429D2E-6A6F-4788-8325-60602CD71564}.Debug|Any CPU.Build.0 = Debug|Any CPU
		{25429D2E-6A6F-4788-8325-60602CD71564}.Release|Any CPU.ActiveCfg = Release|Any CPU
		{25429D2E-6A6F-4788-8325-60602CD71564}.Release|Any CPU.Build.0 = Release|Any CPU
		{B0A838BE-8D3D-483D-A671-3B7E6A3B1847}.Debug|Any CPU.ActiveCfg = Debug|Any CPU
		{B0A838BE-8D3D-483D-A671-3B7E6A3B1847}.Debug|Any CPU.Build.0 = Debug|Any CPU
		{B0A838BE-8D3D-483D-A671-3B7E6A3B1847}.Release|Any CPU.ActiveCfg = Release|Any CPU
		{B0A838BE-8D3D-483D-A671-3B7E6A3B1847}.Release|Any CPU.Build.0 = Release|Any CPU
		{18F1B3FF-5A1C-4766-B250-2C6F751164A9}.Debug|Any CPU.ActiveCfg = Debug|Any CPU
		{18F1B3FF-5A1C-4766-B250-2C6F751164A9}.Debug|Any CPU.Build.0 = Debug|Any CPU
		{18F1B3FF-5A1C-4766-B250-2C6F751164A9}.Release|Any CPU.ActiveCfg = Release|Any CPU
		{18F1B3FF-5A1C-4766-B250-2C6F751164A9}.Release|Any CPU.Build.0 = Release|Any CPU
		{550C8B5C-FE4B-4061-A982-93507017C995}.Debug|Any CPU.ActiveCfg = Debug|Any CPU
		{550C8B5C-FE4B-4061-A982-93507017C995}.Debug|Any CPU.Build.0 = Debug|Any CPU
		{550C8B5C-FE4B-4061-A982-93507017C995}.Release|Any CPU.ActiveCfg = Release|Any CPU
		{550C8B5C-FE4B-4061-A982-93507017C995}.Release|Any CPU.Build.0 = Release|Any CPU
		{A2AE6F18-1876-4389-8445-843A574573AC}.Debug|Any CPU.ActiveCfg = Debug|Any CPU
		{A2AE6F18-1876-4389-8445-843A574573AC}.Debug|Any CPU.Build.0 = Debug|Any CPU
		{A2AE6F18-1876-4389-8445-843A574573AC}.Release|Any CPU.ActiveCfg = Release|Any CPU
		{A2AE6F18-1876-4389-8445-843A574573AC}.Release|Any CPU.Build.0 = Release|Any CPU
		{C2469E2A-8E63-4A91-B6DF-32ADE296E33D}.Debug|Any CPU.ActiveCfg = Debug|Any CPU
		{C2469E2A-8E63-4A91-B6DF-32ADE296E33D}.Debug|Any CPU.Build.0 = Debug|Any CPU
		{C2469E2A-8E63-4A91-B6DF-32ADE296E33D}.Release|Any CPU.ActiveCfg = Release|Any CPU
		{C2469E2A-8E63-4A91-B6DF-32ADE296E33D}.Release|Any CPU.Build.0 = Release|Any CPU
		{10200494-EE19-4056-810E-0EA4D1350347}.Debug|Any CPU.ActiveCfg = Debug|Any CPU
		{10200494-EE19-4056-810E-0EA4D1350347}.Debug|Any CPU.Build.0 = Debug|Any CPU
		{10200494-EE19-4056-810E-0EA4D1350347}.Release|Any CPU.ActiveCfg = Release|Any CPU
		{10200494-EE19-4056-810E-0EA4D1350347}.Release|Any CPU.Build.0 = Release|Any CPU
		{CB6D09D8-0FA5-4C2C-8589-DD7106E5E3F6}.Debug|Any CPU.ActiveCfg = Debug|Any CPU
		{CB6D09D8-0FA5-4C2C-8589-DD7106E5E3F6}.Debug|Any CPU.Build.0 = Debug|Any CPU
		{CB6D09D8-0FA5-4C2C-8589-DD7106E5E3F6}.Release|Any CPU.ActiveCfg = Release|Any CPU
		{CB6D09D8-0FA5-4C2C-8589-DD7106E5E3F6}.Release|Any CPU.Build.0 = Release|Any CPU
	EndGlobalSection
	GlobalSection(SolutionProperties) = preSolution
		HideSolutionNode = FALSE
	EndGlobalSection
	GlobalSection(ExtensibilityGlobals) = postSolution
		SolutionGuid = {1BE3E970-C0EF-4257-BCCB-8974A688989E}
	EndGlobalSection
EndGlobal
